// !$*UTF8*$!
{
	archiveVersion = 1;
	classes = {
	};
	objectVersion = 46;
	objects = {

/* Begin PBXBuildFile section */
		62B526D51A19D19800BFDC90 /* RSA.cpp in Sources */ = {isa = PBXBuildFile; fileRef = 62B526D31A19D19800BFDC90 /* RSA.cpp */; };
		62FD6BE41A18E912008B60BE /* main.cpp in Sources */ = {isa = PBXBuildFile; fileRef = 62FD6BE31A18E912008B60BE /* main.cpp */; };
/* End PBXBuildFile section */

/* Begin PBXCopyFilesBuildPhase section */
		62FD6BDE1A18E912008B60BE /* CopyFiles */ = {
			isa = PBXCopyFilesBuildPhase;
			buildActionMask = 2147483647;
			dstPath = /usr/share/man/man1/;
			dstSubfolderSpec = 0;
			files = (
			);
			runOnlyForDeploymentPostprocessing = 1;
		};
/* End PBXCopyFilesBuildPhase section */

/* Begin PBXFileReference section */
		62B526D31A19D19800BFDC90 /* RSA.cpp */ = {isa = PBXFileReference; fileEncoding = 4; lastKnownFileType = sourcecode.cpp.cpp; path = RSA.cpp; sourceTree = "<group>"; };
		62B526D41A19D19800BFDC90 /* RSA.h */ = {isa = PBXFileReference; fileEncoding = 4; lastKnownFileType = sourcecode.c.h; path = RSA.h; sourceTree = "<group>"; };
		62FD6BE01A18E912008B60BE /* rsa */ = {isa = PBXFileReference; explicitFileType = "compiled.mach-o.executable"; includeInIndex = 0; path = rsa; sourceTree = BUILT_PRODUCTS_DIR; };
		62FD6BE31A18E912008B60BE /* main.cpp */ = {isa = PBXFileReference; lastKnownFileType = sourcecode.cpp.cpp; path = main.cpp; sourceTree = "<group>"; };
/* End PBXFileReference section */

/* Begin PBXFrameworksBuildPhase section */
		62FD6BDD1A18E912008B60BE /* Frameworks */ = {
			isa = PBXFrameworksBuildPhase;
			buildActionMask = 2147483647;
			files = (
			);
			runOnlyForDeploymentPostprocessing = 0;
		};
/* End PBXFrameworksBuildPhase section */

/* Begin PBXGroup section */
		62FD6BD71A18E912008B60BE = {
			isa = PBXGroup;
			children = (
				62FD6BE21A18E912008B60BE /* rsa */,
				62FD6BE11A18E912008B60BE /* Products */,
			);
			sourceTree = "<group>";
		};
		62FD6BE11A18E912008B60BE /* Products */ = {
			isa = PBXGroup;
			children = (
				62FD6BE01A18E912008B60BE /* rsa */,
			);
			name = Products;
			sourceTree = "<group>";
		};
		62FD6BE21A18E912008B60BE /* rsa */ = {
			isa = PBXGroup;
			children = (
				62FD6BE31A18E912008B60BE /* main.cpp */,
				62B526D31A19D19800BFDC90 /* RSA.cpp */,
				62B526D41A19D19800BFDC90 /* RSA.h */,
			);
			path = rsa;
			sourceTree = "<group>";
		};
/* End PBXGroup section */

/* Begin PBXNativeTarget section */
		62FD6BDF1A18E912008B60BE /* rsa */ = {
			isa = PBXNativeTarget;
			buildConfigurationList = 62FD6BE71A18E912008B60BE /* Build configuration list for PBXNativeTarget "rsa" */;
			buildPhases = (
				62FD6BDC1A18E912008B60BE /* Sources */,
				62FD6BDD1A18E912008B60BE /* Frameworks */,
				62FD6BDE1A18E912008B60BE /* CopyFiles */,
			);
			buildRules = (
			);
			dependencies = (
			);
			name = rsa;
			productName = rsa;
			productReference = 62FD6BE01A18E912008B60BE /* rsa */;
			productType = "com.apple.product-type.tool";
		};
/* End PBXNativeTarget section */

/* Begin PBXProject section */
		62FD6BD81A18E912008B60BE /* Project object */ = {
			isa = PBXProject;
			attributes = {
				LastUpgradeCheck = 0600;
				ORGANIZATIONNAME = "黄佳睿";
				TargetAttributes = {
					62FD6BDF1A18E912008B60BE = {
						CreatedOnToolsVersion = 6.0.1;
					};
				};
			};
			buildConfigurationList = 62FD6BDB1A18E912008B60BE /* Build configuration list for PBXProject "rsa" */;
			compatibilityVersion = "Xcode 3.2";
			developmentRegion = English;
			hasScannedForEncodings = 0;
			knownRegions = (
				en,
			);
			mainGroup = 62FD6BD71A18E912008B60BE;
			productRefGroup = 62FD6BE11A18E912008B60BE /* Products */;
			projectDirPath = "";
			projectRoot = "";
			targets = (
				62FD6BDF1A18E912008B60BE /* rsa */,
			);
		};
/* End PBXProject section */

/* Begin PBXSourcesBuildPhase section */
		62FD6BDC1A18E912008B60BE /* Sources */ = {
			isa = PBXSourcesBuildPhase;
			buildActionMask = 2147483647;
			files = (
				62B526D51A19D19800BFDC90 /* RSA.cpp in Sources */,
				62FD6BE41A18E912008B60BE /* main.cpp in Sources */,
			);
			runOnlyForDeploymentPostprocessing = 0;
		};
/* End PBXSourcesBuildPhase section */

/* Begin XCBuildConfiguration section */
		62FD6BE51A18E912008B60BE /* Debug */ = {
			isa = XCBuildConfiguration;
			buildSettings = {
				ALWAYS_SEARCH_USER_PATHS = NO;
				CLANG_CXX_LANGUAGE_STANDARD = "gnu++0x";
				CLANG_CXX_LIBRARY = "libc++";
				CLANG_ENABLE_MODULES = YES;
				CLANG_ENABLE_OBJC_ARC = YES;
				CLANG_WARN_BOOL_CONVERSION = YES;
				CLANG_WARN_CONSTANT_CONVERSION = YES;
				CLANG_WARN_DIRECT_OBJC_ISA_USAGE = YES_ERROR;
				CLANG_WARN_EMPTY_BODY = YES;
				CLANG_WARN_ENUM_CONVERSION = YES;
				CLANG_WARN_INT_CONVERSION = YES;
				CLANG_WARN_OBJC_ROOT_CLASS = YES_ERROR;
				CLANG_WARN_UNREACHABLE_CODE = YES;
				CLANG_WARN__DUPLICATE_METHOD_MATCH = YES;
				COPY_PHASE_STRIP = NO;
				ENABLE_STRICT_OBJC_MSGSEND = YES;
				GCC_C_LANGUAGE_STANDARD = gnu99;
				GCC_DYNAMIC_NO_PIC = NO;
				GCC_OPTIMIZATION_LEVEL = 0;
				GCC_PREPROCESSOR_DEFINITIONS = (
					"DEBUG=1",
					"$(inherited)",
				);
				GCC_SYMBOLS_PRIVATE_EXTERN = NO;
				GCC_WARN_64_TO_32_BIT_CONVERSION = YES;
				GCC_WARN_ABOUT_RETURN_TYPE = YES_ERROR;
				GCC_WARN_UNDECLARED_SELECTOR = YES;
				GCC_WARN_UNINITIALIZED_AUTOS = YES_AGGRESSIVE;
				GCC_WARN_UNUSED_FUNCTION = YES;
				GCC_WARN_UNUSED_VARIABLE = YES;
				MACOSX_DEPLOYMENT_TARGET = 10.9;
				MTL_ENABLE_DEBUG_INFO = YES;
				ONLY_ACTIVE_ARCH = YES;
				SDKROOT = macosx;
			};
			name = Debug;
		};
		62FD6BE61A18E912008B60BE /* Release */ = {
			isa = XCBuildConfiguration;
			buildSettings = {
				ALWAYS_SEARCH_USER_PATHS = NO;
				CLANG_CXX_LANGUAGE_STANDARD = "gnu++0x";
				CLANG_CXX_LIBRARY = "libc++";
				CLANG_ENABLE_MODULES = YES;
				CLANG_ENABLE_OBJC_ARC = YES;
				CLANG_WARN_BOOL_CONVERSION = YES;
				CLANG_WARN_CONSTANT_CONVERSION = YES;
				CLANG_WARN_DIRECT_OBJC_ISA_USAGE = YES_ERROR;
				CLANG_WARN_EMPTY_BODY = YES;
				CLANG_WARN_ENUM_CONVERSION = YES;
				CLANG_WARN_INT_CONVERSION = YES;
				CLANG_WARN_OBJC_ROOT_CLASS = YES_ERROR;
				CLANG_WARN_UNREACHABLE_CODE = YES;
				CLANG_WARN__DUPLICATE_METHOD_MATCH = YES;
				COPY_PHASE_STRIP = YES;
				DEBUG_INFORMATION_FORMAT = "dwarf-with-dsym";
				ENABLE_NS_ASSERTIONS = NO;
				ENABLE_STRICT_OBJC_MSGSEND = YES;
				GCC_C_LANGUAGE_STANDARD = gnu99;
				GCC_WARN_64_TO_32_BIT_CONVERSION = YES;
				GCC_WARN_ABOUT_RETURN_TYPE = YES_ERROR;
				GCC_WARN_UNDECLARED_SELECTOR = YES;
				GCC_WARN_UNINITIALIZED_AUTOS = YES_AGGRESSIVE;
				GCC_WARN_UNUSED_FUNCTION = YES;
				GCC_WARN_UNUSED_VARIABLE = YES;
				MACOSX_DEPLOYMENT_TARGET = 10.9;
				MTL_ENABLE_DEBUG_INFO = NO;
				SDKROOT = macosx;
			};
			name = Release;
		};
		62FD6BE81A18E912008B60BE /* Debug */ = {
			isa = XCBuildConfiguration;
			buildSettings = {
				PRODUCT_NAME = "$(TARGET_NAME)";
			};
			name = Debug;
		};
		62FD6BE91A18E912008B60BE /* Release */ = {
			isa = XCBuildConfiguration;
			buildSettings = {
				PRODUCT_NAME = "$(TARGET_NAME)";
			};
			name = Release;
		};
/* End XCBuildConfiguration section */

/* Begin XCConfigurationList section */
		62FD6BDB1A18E912008B60BE /* Build configuration list for PBXProject "rsa" */ = {
			isa = XCConfigurationList;
			buildConfigurations = (
				62FD6BE51A18E912008B60BE /* Debug */,
				62FD6BE61A18E912008B60BE /* Release */,
			);
			defaultConfigurationIsVisible = 0;
			defaultConfigurationName = Release;
		};
		62FD6BE71A18E912008B60BE /* Build configuration list for PBXNativeTarget "rsa" */ = {
			isa = XCConfigurationList;
			buildConfigurations = (
				62FD6BE81A18E912008B60BE /* Debug */,
				62FD6BE91A18E912008B60BE /* Release */,
			);
			defaultConfigurationIsVisible = 0;
			defaultConfigurationName = Release;
		};
/* End XCConfigurationList section */
	};
	rootObject = 62FD6BD81A18E912008B60BE /* Project object */;
}
